Microsoft Visual Studio Solution File, Format Version 12.00
# Visual Studio Version 17
VisualStudioVersion = 17.5.002.0
MinimumVisualStudioVersion = 10.0.40219.1
Project("{FAE04EC0-301F-11D3-BF4B-00C04F79EFBC}") = "canuseeme", "canuseeme.csproj", "{05174DE8-8399-41C4-A9BD-695598AE82C8}"
EndProject
Global
    GlobalSection(SolutionConfigurationPlatforms) = preSolution
        Debug|Any CPU = Debug|Any CPU
        Release|Any CPU = Release|Any CPU
    EndGlobalSection
    GlobalSection(ProjectConfigurationPlatforms) = postSolution
        {05174DE8-8399-41C4-A9BD-695598AE82C8}.Debug|Any CPU.ActiveCfg = Debug|Any CPU
        {05174DE8-8399-41C4-A9BD-695598AE82C8}.Debug|Any CPU.Build.0 = Debug|Any CPU
        {05174DE8-8399-41C4-A9BD-695598AE82C8}.Release|Any CPU.ActiveCfg = Release|Any CPU
        {05174DE8-8399-41C4-A9BD-695598AE82C8}.Release|Any CPU.Build.0 = Release|Any CPU
    EndGlobalSection
    GlobalSection(SolutionProperties) = preSolution
        HideSolutionNode = FALSE
    EndGlobalSection
    GlobalSection(ExtensibilityGlobals) = postSolution
        SolutionGuid = {A1B2C3D4-E5F6-7890-1234-56789ABCDEF0}
    EndGlobalSection
EndGlobal